// !$*UTF8*$!
{
	archiveVersion = 1;
	classes = {
	};
	objectVersion = 46;
	objects = {

/* Begin PBXBuildFile section */
		113E5F991A70E4C3007F72FC /* main.m in Sources */ = {isa = PBXBuildFile; fileRef = 113E5F981A70E4C3007F72FC /* main.m */; };
		113E5F9C1A70E4C3007F72FC /* AppDelegate.m in Sources */ = {isa = PBXBuildFile; fileRef = 113E5F9B1A70E4C3007F72FC /* AppDelegate.m */; };
		113E5F9F1A70E4C3007F72FC /* World_Traveler.xcdatamodeld in Sources */ = {isa = PBXBuildFile; fileRef = 113E5F9D1A70E4C3007F72FC /* World_Traveler.xcdatamodeld */; };
		113E5FA21A70E4C3007F72FC /* XZZListViewController.m in Sources */ = {isa = PBXBuildFile; fileRef = 113E5FA11A70E4C3007F72FC /* XZZListViewController.m */; };
		113E5FA51A70E4C3007F72FC /* Main.storyboard in Resources */ = {isa = PBXBuildFile; fileRef = 113E5FA31A70E4C3007F72FC /* Main.storyboard */; };
		113E5FA71A70E4C3007F72FC /* Images.xcassets in Resources */ = {isa = PBXBuildFile; fileRef = 113E5FA61A70E4C3007F72FC /* Images.xcassets */; };
		113E5FAA1A70E4C3007F72FC /* LaunchScreen.xib in Resources */ = {isa = PBXBuildFile; fileRef = 113E5FA81A70E4C3007F72FC /* LaunchScreen.xib */; };
		113E5FB61A70E4C4007F72FC /* World_TravelerTests.m in Sources */ = {isa = PBXBuildFile; fileRef = 113E5FB51A70E4C4007F72FC /* World_TravelerTests.m */; };
		113E5FC11A70E76D007F72FC /* XZZMapViewController.m in Sources */ = {isa = PBXBuildFile; fileRef = 113E5FC01A70E76D007F72FC /* XZZMapViewController.m */; };
		73C270FDCDBAD74E0F324A31 /* libPods.a in Frameworks */ = {isa = PBXBuildFile; fileRef = 6B0A81E0DAB2DCAD40AEBF26 /* libPods.a */; };
/* End PBXBuildFile section */

/* Begin PBXContainerItemProxy section */
		113E5FB01A70E4C4007F72FC /* PBXContainerItemProxy */ = {
			isa = PBXContainerItemProxy;
			containerPortal = 113E5F8B1A70E4C3007F72FC /* Project object */;
			proxyType = 1;
			remoteGlobalIDString = 113E5F921A70E4C3007F72FC;
			remoteInfo = "World Traveler";
		};
/* End PBXContainerItemProxy section */

/* Begin PBXFileReference section */
		113E5F931A70E4C3007F72FC /* World Traveler.app */ = {isa = PBXFileReference; explicitFileType = wrapper.application; includeInIndex = 0; path = "World Traveler.app"; sourceTree = BUILT_PRODUCTS_DIR; };
		113E5F971A70E4C3007F72FC /* Info.plist */ = {isa = PBXFileReference; lastKnownFileType = text.plist.xml; path = Info.plist; sourceTree = "<group>"; };
		113E5F981A70E4C3007F72FC /* main.m */ = {isa = PBXFileReference; lastKnownFileType = sourcecode.c.objc; path = main.m; sourceTree = "<group>"; };
		113E5F9A1A70E4C3007F72FC /* AppDelegate.h */ = {isa = PBXFileReference; lastKnownFileType = sourcecode.c.h; path = AppDelegate.h; sourceTree = "<group>"; };
		113E5F9B1A70E4C3007F72FC /* AppDelegate.m */ = {isa = PBXFileReference; lastKnownFileType = sourcecode.c.objc; path = AppDelegate.m; sourceTree = "<group>"; };
		113E5F9E1A70E4C3007F72FC /* World_Traveler.xcdatamodel */ = {isa = PBXFileReference; lastKnownFileType = wrapper.xcdatamodel; path = World_Traveler.xcdatamodel; sourceTree = "<group>"; };
		113E5FA01A70E4C3007F72FC /* XZZListViewController.h */ = {isa = PBXFileReference; lastKnownFileType = sourcecode.c.h; path = XZZListViewController.h; sourceTree = "<group>"; };
		113E5FA11A70E4C3007F72FC /* XZZListViewController.m */ = {isa = PBXFileReference; lastKnownFileType = sourcecode.c.objc; path = XZZListViewController.m; sourceTree = "<group>"; };
		113E5FA41A70E4C3007F72FC /* Base */ = {isa = PBXFileReference; lastKnownFileType = file.storyboard; name = Base; path = Base.lproj/Main.storyboard; sourceTree = "<group>"; };
		113E5FA61A70E4C3007F72FC /* Images.xcassets */ = {isa = PBXFileReference; lastKnownFileType = folder.assetcatalog; path = Images.xcassets; sourceTree = "<group>"; };
		113E5FA91A70E4C3007F72FC /* Base */ = {isa = PBXFileReference; lastKnownFileType = file.xib; name = Base; path = Base.lproj/LaunchScreen.xib; sourceTree = "<group>"; };
		113E5FAF1A70E4C4007F72FC /* World TravelerTests.xctest */ = {isa = PBXFileReference; explicitFileType = wrapper.cfbundle; includeInIndex = 0; path = "World TravelerTests.xctest"; sourceTree = BUILT_PRODUCTS_DIR; };
		113E5FB41A70E4C4007F72FC /* Info.plist */ = {isa = PBXFileReference; lastKnownFileType = text.plist.xml; path = Info.plist; sourceTree = "<group>"; };
		113E5FB51A70E4C4007F72FC /* World_TravelerTests.m */ = {isa = PBXFileReference; lastKnownFileType = sourcecode.c.objc; path = World_TravelerTests.m; sourceTree = "<group>"; };
		113E5FBF1A70E76D007F72FC /* XZZMapViewController.h */ = {isa = PBXFileReference; fileEncoding = 4; lastKnownFileType = sourcecode.c.h; path = XZZMapViewController.h; sourceTree = "<group>"; };
		113E5FC01A70E76D007F72FC /* XZZMapViewController.m */ = {isa = PBXFileReference; fileEncoding = 4; lastKnownFileType = sourcecode.c.objc; path = XZZMapViewController.m; sourceTree = "<group>"; };
		33BD2B319C9033C6063BC6FD /* Pods.release.xcconfig */ = {isa = PBXFileReference; includeInIndex = 1; lastKnownFileType = text.xcconfig; name = Pods.release.xcconfig; path = "Pods/Target Support Files/Pods/Pods.release.xcconfig"; sourceTree = "<group>"; };
		3637B36066E28677400CD5AC /* Pods.debug.xcconfig */ = {isa = PBXFileReference; includeInIndex = 1; lastKnownFileType = text.xcconfig; name = Pods.debug.xcconfig; path = "Pods/Target Support Files/Pods/Pods.debug.xcconfig"; sourceTree = "<group>"; };
		6B0A81E0DAB2DCAD40AEBF26 /* libPods.a */ = {isa = PBXFileReference; explicitFileType = archive.ar; includeInIndex = 0; path = libPods.a; sourceTree = BUILT_PRODUCTS_DIR; };
/* End PBXFileReference section */

/* Begin PBXFrameworksBuildPhase section */
		113E5F901A70E4C3007F72FC /* Frameworks */ = {
			isa = PBXFrameworksBuildPhase;
			buildActionMask = 2147483647;
			files = (
				73C270FDCDBAD74E0F324A31 /* libPods.a in Frameworks */,
			);
			runOnlyForDeploymentPostprocessing = 0;
		};
		113E5FAC1A70E4C4007F72FC /* Frameworks */ = {
			isa = PBXFrameworksBuildPhase;
			buildActionMask = 2147483647;
			files = (
			);
			runOnlyForDeploymentPostprocessing = 0;
		};
/* End PBXFrameworksBuildPhase section */

/* Begin PBXGroup section */
		113E5F8A1A70E4C3007F72FC = {
			isa = PBXGroup;
			children = (
				113E5F951A70E4C3007F72FC /* World Traveler */,
				113E5FB21A70E4C4007F72FC /* World TravelerTests */,
				113E5F941A70E4C3007F72FC /* Products */,
				1A5B5B255761604C1942B91C /* Pods */,
				7F3D856047295C8EB9FB4F6B /* Frameworks */,
			);
			sourceTree = "<group>";
		};
		113E5F941A70E4C3007F72FC /* Products */ = {
			isa = PBXGroup;
			children = (
				113E5F931A70E4C3007F72FC /* World Traveler.app */,
				113E5FAF1A70E4C4007F72FC /* World TravelerTests.xctest */,
			);
			name = Products;
			sourceTree = "<group>";
		};
		113E5F951A70E4C3007F72FC /* World Traveler */ = {
			isa = PBXGroup;
			children = (
				113E5F9A1A70E4C3007F72FC /* AppDelegate.h */,
				113E5F9B1A70E4C3007F72FC /* AppDelegate.m */,
				113E5FA01A70E4C3007F72FC /* XZZListViewController.h */,
				113E5FA11A70E4C3007F72FC /* XZZListViewController.m */,
				113E5FA31A70E4C3007F72FC /* Main.storyboard */,
				113E5FBF1A70E76D007F72FC /* XZZMapViewController.h */,
				113E5FC01A70E76D007F72FC /* XZZMapViewController.m */,
				113E5FA61A70E4C3007F72FC /* Images.xcassets */,
				113E5FA81A70E4C3007F72FC /* LaunchScreen.xib */,
				113E5F9D1A70E4C3007F72FC /* World_Traveler.xcdatamodeld */,
				113E5F961A70E4C3007F72FC /* Supporting Files */,
			);
			path = "World Traveler";
			sourceTree = "<group>";
		};
		113E5F961A70E4C3007F72FC /* Supporting Files */ = {
			isa = PBXGroup;
			children = (
				113E5F971A70E4C3007F72FC /* Info.plist */,
				113E5F981A70E4C3007F72FC /* main.m */,
			);
			name = "Supporting Files";
			sourceTree = "<group>";
		};
		113E5FB21A70E4C4007F72FC /* World TravelerTests */ = {
			isa = PBXGroup;
			children = (
				113E5FB51A70E4C4007F72FC /* World_TravelerTests.m */,
				113E5FB31A70E4C4007F72FC /* Supporting Files */,
			);
			path = "World TravelerTests";
			sourceTree = "<group>";
		};
		113E5FB31A70E4C4007F72FC /* Supporting Files */ = {
			isa = PBXGroup;
			children = (
				113E5FB41A70E4C4007F72FC /* Info.plist */,
			);
			name = "Supporting Files";
			sourceTree = "<group>";
		};
		1A5B5B255761604C1942B91C /* Pods */ = {
			isa = PBXGroup;
			children = (
				3637B36066E28677400CD5AC /* Pods.debug.xcconfig */,
				33BD2B319C9033C6063BC6FD /* Pods.release.xcconfig */,
			);
			name = Pods;
			sourceTree = "<group>";
		};
		7F3D856047295C8EB9FB4F6B /* Frameworks */ = {
			isa = PBXGroup;
			children = (
				6B0A81E0DAB2DCAD40AEBF26 /* libPods.a */,
			);
			name = Frameworks;
			sourceTree = "<group>";
		};
/* End PBXGroup section */

/* Begin PBXNativeTarget section */
		113E5F921A70E4C3007F72FC /* World Traveler */ = {
			isa = PBXNativeTarget;
			buildConfigurationList = 113E5FB91A70E4C4007F72FC /* Build configuration list for PBXNativeTarget "World Traveler" */;
			buildPhases = (
				97C867998C7DB69DCD3CA7C0 /* Check Pods Manifest.lock */,
				113E5F8F1A70E4C3007F72FC /* Sources */,
				113E5F901A70E4C3007F72FC /* Frameworks */,
				113E5F911A70E4C3007F72FC /* Resources */,
				93EF8FC972410F2EF8074950 /* Copy Pods Resources */,
			);
			buildRules = (
			);
			dependencies = (
			);
			name = "World Traveler";
			productName = "World Traveler";
			productReference = 113E5F931A70E4C3007F72FC /* World Traveler.app */;
			productType = "com.apple.product-type.application";
		};
		113E5FAE1A70E4C4007F72FC /* World TravelerTests */ = {
			isa = PBXNativeTarget;
			buildConfigurationList = 113E5FBC1A70E4C4007F72FC /* Build configuration list for PBXNativeTarget "World TravelerTests" */;
			buildPhases = (
				113E5FAB1A70E4C4007F72FC /* Sources */,
				113E5FAC1A70E4C4007F72FC /* Frameworks */,
				113E5FAD1A70E4C4007F72FC /* Resources */,
			);
			buildRules = (
			);
			dependencies = (
				113E5FB11A70E4C4007F72FC /* PBXTargetDependency */,
			);
			name = "World TravelerTests";
			productName = "World TravelerTests";
			productReference = 113E5FAF1A70E4C4007F72FC /* World TravelerTests.xctest */;
			productType = "com.apple.product-type.bundle.unit-test";
		};
/* End PBXNativeTarget section */

/* Begin PBXProject section */
		113E5F8B1A70E4C3007F72FC /* Project object */ = {
			isa = PBXProject;
			attributes = {
				LastUpgradeCheck = 0610;
				ORGANIZATIONNAME = 1st1k;
				TargetAttributes = {
					113E5F921A70E4C3007F72FC = {
						CreatedOnToolsVersion = 6.1.1;
					};
					113E5FAE1A70E4C4007F72FC = {
						CreatedOnToolsVersion = 6.1.1;
						TestTargetID = 113E5F921A70E4C3007F72FC;
					};
				};
			};
			buildConfigurationList = 113E5F8E1A70E4C3007F72FC /* Build configuration list for PBXProject "World Traveler" */;
			compatibilityVersion = "Xcode 3.2";
			developmentRegion = English;
			hasScannedForEncodings = 0;
			knownRegions = (
				en,
				Base,
			);
			mainGroup = 113E5F8A1A70E4C3007F72FC;
			productRefGroup = 113E5F941A70E4C3007F72FC /* Products */;
			projectDirPath = "";
			projectRoot = "";
			targets = (
				113E5F921A70E4C3007F72FC /* World Traveler */,
				113E5FAE1A70E4C4007F72FC /* World TravelerTests */,
			);
		};
/* End PBXProject section */

/* Begin PBXResourcesBuildPhase section */
		113E5F911A70E4C3007F72FC /* Resources */ = {
			isa = PBXResourcesBuildPhase;
			buildActionMask = 2147483647;
			files = (
				113E5FA51A70E4C3007F72FC /* Main.storyboard in Resources */,
				113E5FAA1A70E4C3007F72FC /* LaunchScreen.xib in Resources */,
				113E5FA71A70E4C3007F72FC /* Images.xcassets in Resources */,
			);
			runOnlyForDeploymentPostprocessing = 0;
		};
		113E5FAD1A70E4C4007F72FC /* Resources */ = {
			isa = PBXResourcesBuildPhase;
			buildActionMask = 2147483647;
			files = (
			);
			runOnlyForDeploymentPostprocessing = 0;
		};
/* End PBXResourcesBuildPhase section */

/* Begin PBXShellScriptBuildPhase section */
		93EF8FC972410F2EF8074950 /* Copy Pods Resources */ = {
			isa = PBXShellScriptBuildPhase;
			buildActionMask = 2147483647;
			files = (
			);
			inputPaths = (
			);
			name = "Copy Pods Resources";
			outputPaths = (
			);
			runOnlyForDeploymentPostprocessing = 0;
			shellPath = /bin/sh;
			shellScript = "\"${SRCROOT}/Pods/Target Support Files/Pods/Pods-resources.sh\"\n";
			showEnvVarsInLog = 0;
		};
		97C867998C7DB69DCD3CA7C0 /* Check Pods Manifest.lock */ = {
			isa = PBXShellScriptBuildPhase;
			buildActionMask = 2147483647;
			files = (
			);
			inputPaths = (
			);
			name = "Check Pods Manifest.lock";
			outputPaths = (
			);
			runOnlyForDeploymentPostprocessing = 0;
			shellPath = /bin/sh;
			shellScript = "diff \"${PODS_ROOT}/../Podfile.lock\" \"${PODS_ROOT}/Manifest.lock\" > /dev/null\nif [[ $? != 0 ]] ; then\n    cat << EOM\nerror: The sandbox is not in sync with the Podfile.lock. Run 'pod install' or update your CocoaPods installation.\nEOM\n    exit 1\nfi\n";
			showEnvVarsInLog = 0;
		};
/* End PBXShellScriptBuildPhase section */

/* Begin PBXSourcesBuildPhase section */
		113E5F8F1A70E4C3007F72FC /* Sources */ = {
			isa = PBXSourcesBuildPhase;
			buildActionMask = 2147483647;
			files = (
				113E5F9C1A70E4C3007F72FC /* AppDelegate.m in Sources */,
				113E5F9F1A70E4C3007F72FC /* World_Traveler.xcdatamodeld in Sources */,
				113E5FA21A70E4C3007F72FC /* XZZListViewController.m in Sources */,
				113E5F991A70E4C3007F72FC /* main.m in Sources */,
				113E5FC11A70E76D007F72FC /* XZZMapViewController.m in Sources */,
			);
			runOnlyForDeploymentPostprocessing = 0;
		};
		113E5FAB1A70E4C4007F72FC /* Sources */ = {
			isa = PBXSourcesBuildPhase;
			buildActionMask = 2147483647;
			files = (
				113E5FB61A70E4C4007F72FC /* World_TravelerTests.m in Sources */,
			);
			runOnlyForDeploymentPostprocessing = 0;
		};
/* End PBXSourcesBuildPhase section */

/* Begin PBXTargetDependency section */
		113E5FB11A70E4C4007F72FC /* PBXTargetDependency */ = {
			isa = PBXTargetDependency;
			target = 113E5F921A70E4C3007F72FC /* World Traveler */;
			targetProxy = 113E5FB01A70E4C4007F72FC /* PBXContainerItemProxy */;
		};
/* End PBXTargetDependency section */

/* Begin PBXVariantGroup section */
		113E5FA31A70E4C3007F72FC /* Main.storyboard */ = {
			isa = PBXVariantGroup;
			children = (
				113E5FA41A70E4C3007F72FC /* Base */,
			);
			name = Main.storyboard;
			sourceTree = "<group>";
		};
		113E5FA81A70E4C3007F72FC /* LaunchScreen.xib */ = {
			isa = PBXVariantGroup;
			children = (
				113E5FA91A70E4C3007F72FC /* Base */,
			);
			name = LaunchScreen.xib;
			sourceTree = "<group>";
		};
/* End PBXVariantGroup section */

/* Begin XCBuildConfiguration section */
		113E5FB71A70E4C4007F72FC /* Debug */ = {
			isa = XCBuildConfiguration;
			buildSettings = {
				ALWAYS_SEARCH_USER_PATHS = NO;
				CLANG_CXX_LANGUAGE_STANDARD = "gnu++0x";
				CLANG_CXX_LIBRARY = "libc++";
				CLANG_ENABLE_MODULES = YES;
				CLANG_ENABLE_OBJC_ARC = YES;
				CLANG_WARN_BOOL_CONVERSION = YES;
				CLANG_WARN_CONSTANT_CONVERSION = YES;
				CLANG_WARN_DIRECT_OBJC_ISA_USAGE = YES_ERROR;
				CLANG_WARN_EMPTY_BODY = YES;
				CLANG_WARN_ENUM_CONVERSION = YES;
				CLANG_WARN_INT_CONVERSION = YES;
				CLANG_WARN_OBJC_ROOT_CLASS = YES_ERROR;
				CLANG_WARN_UNREACHABLE_CODE = YES;
				CLANG_WARN__DUPLICATE_METHOD_MATCH = YES;
				"CODE_SIGN_IDENTITY[sdk=iphoneos*]" = "iPhone Developer";
				COPY_PHASE_STRIP = NO;
				ENABLE_STRICT_OBJC_MSGSEND = YES;
				GCC_C_LANGUAGE_STANDARD = gnu99;
				GCC_DYNAMIC_NO_PIC = NO;
				GCC_OPTIMIZATION_LEVEL = 0;
				GCC_PREPROCESSOR_DEFINITIONS = (
					"DEBUG=1",
					"$(inherited)",
				);
				GCC_SYMBOLS_PRIVATE_EXTERN = NO;
				GCC_WARN_64_TO_32_BIT_CONVERSION = YES;
				GCC_WARN_ABOUT_RETURN_TYPE = YES_ERROR;
				GCC_WARN_UNDECLARED_SELECTOR = YES;
				GCC_WARN_UNINITIALIZED_AUTOS = YES_AGGRESSIVE;
				GCC_WARN_UNUSED_FUNCTION = YES;
				GCC_WARN_UNUSED_VARIABLE = YES;
				IPHONEOS_DEPLOYMENT_TARGET = 8.1;
				MTL_ENABLE_DEBUG_INFO = YES;
				ONLY_ACTIVE_ARCH = YES;
				SDKROOT = iphoneos;
				TARGETED_DEVICE_FAMILY = "1,2";
			};
			name = Debug;
		};
		113E5FB81A70E4C4007F72FC /* Release */ = {
			isa = XCBuildConfiguration;
			buildSettings = {
				ALWAYS_SEARCH_USER_PATHS = NO;
				CLANG_CXX_LANGUAGE_STANDARD = "gnu++0x";
				CLANG_CXX_LIBRARY = "libc++";
				CLANG_ENABLE_MODULES = YES;
				CLANG_ENABLE_OBJC_ARC = YES;
				CLANG_WARN_BOOL_CONVERSION = YES;
				CLANG_WARN_CONSTANT_CONVERSION = YES;
				CLANG_WARN_DIRECT_OBJC_ISA_USAGE = YES_ERROR;
				CLANG_WARN_EMPTY_BODY = YES;
				CLANG_WARN_ENUM_CONVERSION = YES;
				CLANG_WARN_INT_CONVERSION = YES;
				CLANG_WARN_OBJC_ROOT_CLASS = YES_ERROR;
				CLANG_WARN_UNREACHABLE_CODE = YES;
				CLANG_WARN__DUPLICATE_METHOD_MATCH = YES;
				"CODE_SIGN_IDENTITY[sdk=iphoneos*]" = "iPhone Developer";
				COPY_PHASE_STRIP = YES;
				ENABLE_NS_ASSERTIONS = NO;
				ENABLE_STRICT_OBJC_MSGSEND = YES;
				GCC_C_LANGUAGE_STANDARD = gnu99;
				GCC_WARN_64_TO_32_BIT_CONVERSION = YES;
				GCC_WARN_ABOUT_RETURN_TYPE = YES_ERROR;
				GCC_WARN_UNDECLARED_SELECTOR = YES;
				GCC_WARN_UNINITIALIZED_AUTOS = YES_AGGRESSIVE;
				GCC_WARN_UNUSED_FUNCTION = YES;
				GCC_WARN_UNUSED_VARIABLE = YES;
				IPHONEOS_DEPLOYMENT_TARGET = 8.1;
				MTL_ENABLE_DEBUG_INFO = NO;
				SDKROOT = iphoneos;
				TARGETED_DEVICE_FAMILY = "1,2";
				VALIDATE_PRODUCT = YES;
			};
			name = Release;
		};
		113E5FBA1A70E4C4007F72FC /* Debug */ = {
			isa = XCBuildConfiguration;
			baseConfigurationReference = 3637B36066E28677400CD5AC /* Pods.debug.xcconfig */;
			buildSettings = {
				ASSETCATALOG_COMPILER_APPICON_NAME = AppIcon;
				INFOPLIST_FILE = "World Traveler/Info.plist";
				LD_RUNPATH_SEARCH_PATHS = "$(inherited) @executable_path/Frameworks";
				PRODUCT_NAME = "$(TARGET_NAME)";
			};
			name = Debug;
		};
		113E5FBB1A70E4C4007F72FC /* Release */ = {
			isa = XCBuildConfiguration;
			baseConfigurationReference = 33BD2B319C9033C6063BC6FD /* Pods.release.xcconfig */;
			buildSettings = {
				ASSETCATALOG_COMPILER_APPICON_NAME = AppIcon;
				INFOPLIST_FILE = "World Traveler/Info.plist";
				LD_RUNPATH_SEARCH_PATHS = "$(inherited) @executable_path/Frameworks";
				PRODUCT_NAME = "$(TARGET_NAME)";
			};
			name = Release;
		};
		113E5FBD1A70E4C4007F72FC /* Debug */ = {
			isa = XCBuildConfiguration;
			buildSettings = {
				BUNDLE_LOADER = "$(TEST_HOST)";
				FRAMEWORK_SEARCH_PATHS = (
					"$(SDKROOT)/Developer/Library/Frameworks",
					"$(inherited)",
				);
				GCC_PREPROCESSOR_DEFINITIONS = (
					"DEBUG=1",
					"$(inherited)",
				);
				INFOPLIST_FILE = "World TravelerTests/Info.plist";
				LD_RUNPATH_SEARCH_PATHS = "$(inherited) @executable_path/Frameworks @loader_path/Frameworks";
				PRODUCT_NAME = "$(TARGET_NAME)";
				TEST_HOST = "$(BUILT_PRODUCTS_DIR)/World Traveler.app/World Traveler";
			};
			name = Debug;
		};
		113E5FBE1A70E4C4007F72FC /* Release */ = {
			isa = XCBuildConfiguration;
			buildSettings = {
				BUNDLE_LOADER = "$(TEST_HOST)";
				FRAMEWORK_SEARCH_PATHS = (
					"$(SDKROOT)/Developer/Library/Frameworks",
					"$(inherited)",
				);
				INFOPLIST_FILE = "World TravelerTests/Info.plist";
				LD_RUNPATH_SEARCH_PATHS = "$(inherited) @executable_path/Frameworks @loader_path/Frameworks";
				PRODUCT_NAME = "$(TARGET_NAME)";
				TEST_HOST = "$(BUILT_PRODUCTS_DIR)/World Traveler.app/World Traveler";
			};
			name = Release;
		};
/* End XCBuildConfiguration section */

/* Begin XCConfigurationList section */
		113E5F8E1A70E4C3007F72FC /* Build configuration list for PBXProject "World Traveler" */ = {
			isa = XCConfigurationList;
			buildConfigurations = (
				113E5FB71A70E4C4007F72FC /* Debug */,
				113E5FB81A70E4C4007F72FC /* Release */,
			);
			defaultConfigurationIsVisible = 0;
			defaultConfigurationName = Release;
		};
		113E5FB91A70E4C4007F72FC /* Build configuration list for PBXNativeTarget "World Traveler" */ = {
			isa = XCConfigurationList;
			buildConfigurations = (
				113E5FBA1A70E4C4007F72FC /* Debug */,
				113E5FBB1A70E4C4007F72FC /* Release */,
			);
			defaultConfigurationIsVisible = 0;
			defaultConfigurationName = Release;
		};
		113E5FBC1A70E4C4007F72FC /* Build configuration list for PBXNativeTarget "World TravelerTests" */ = {
			isa = XCConfigurationList;
			buildConfigurations = (
				113E5FBD1A70E4C4007F72FC /* Debug */,
				113E5FBE1A70E4C4007F72FC /* Release */,
			);
			defaultConfigurationIsVisible = 0;
			defaultConfigurationName = Release;
		};
/* End XCConfigurationList section */

/* Begin XCVersionGroup section */
		113E5F9D1A70E4C3007F72FC /* World_Traveler.xcdatamodeld */ = {
			isa = XCVersionGroup;
			children = (
				113E5F9E1A70E4C3007F72FC /* World_Traveler.xcdatamodel */,
			);
			currentVersion = 113E5F9E1A70E4C3007F72FC /* World_Traveler.xcdatamodel */;
			path = World_Traveler.xcdatamodeld;
			sourceTree = "<group>";
			versionGroupType = wrapper.xcdatamodel;
		};
/* End XCVersionGroup section */
	};
	rootObject = 113E5F8B1A70E4C3007F72FC /* Project object */;
}
